
Microsoft Visual Studio Solution File, Format Version 12.00
# Visual Studio Version 16
VisualStudioVersion = 16.0.31019.35
MinimumVisualStudioVersion = 10.0.40219.1
Project("{8BC9CEB8-8B4A-11D0-8D11-00A0C91BC942}") = "SetEx10Lab3", "SetEx10Lab3.vcxproj", "{425C0F8C-A737-45BC-86BA-6E217D1CE347}"
EndProject
Global
	GlobalSection(SolutionConfigurationPlatforms) = preSolution
		Debug|x64 = Debug|x64
		Debug|x86 = Debug|x86
		Release|x64 = Release|x64
		Release|x86 = Release|x86
	EndGlobalSection
	GlobalSection(ProjectConfigurationPlatforms) = postSolution
		{425C0F8C-A737-45BC-86BA-6E217D1CE347}.Debug|x64.ActiveCfg = Debug|x64
		{425C0F8C-A737-45BC-86BA-6E217D1CE347}.Debug|x64.Build.0 = Debug|x64
		{425C0F8C-A737-45BC-86BA-6E217D1CE347}.Debug|x86.ActiveCfg = Debug|Win32
		{425C0F8C-A737-45BC-86BA-6E217D1CE347}.Debug|x86.Build.0 = Debug|Win32
		{425C0F8C-A737-45BC-86BA-6E217D1CE347}.Release|x64.ActiveCfg = Release|x64
		{425C0F8C-A737-45BC-86BA-6E217D1CE347}.Release|x64.Build.0 = Release|x64
		{425C0F8C-A737-45BC-86BA-6E217D1CE347}.Release|x86.ActiveCfg = Release|Win32
		{425C0F8C-A737-45BC-86BA-6E217D1CE347}.Release|x86.Build.0 = Release|Win32
	EndGlobalSection
	GlobalSection(SolutionProperties) = preSolution
		HideSolutionNode = FALSE
	EndGlobalSection
	GlobalSection(ExtensibilityGlobals) = postSolution
		SolutionGuid = {1CF3745E-3724-4A67-9FEC-9C79492BF24A}
	EndGlobalSection
EndGlobal
